
Microsoft Visual Studio Solution File, Format Version 12.00
# Visual Studio 15
VisualStudioVersion = 15.0.27703.2018
MinimumVisualStudioVersion = 10.0.40219.1
Project("{9A19103F-16F7-4668-BE54-9A1E7A4F7556}") = "ConsoleApp0", "ConsoleApp0\ConsoleApp0.csproj", "{980C1540-B054-491E-A69C-5EC55D64B9F1}"
EndProject
Project("{FAE04EC0-301F-11D3-BF4B-00C04F79EFBC}") = "DataLibrary", "DataLibrary\DataLibrary.csproj", "{D1A62B0F-C12D-4B96-8384-D4F3AABED54E}"
EndProject
Project("{FAE04EC0-301F-11D3-BF4B-00C04F79EFBC}") = "AntlrValidator", "AntlrValidator\AntlrValidator.csproj", "{AD2D3EE7-E02E-4330-A275-35CF8C030C4D}"
EndProject
Global
	GlobalSection(SolutionConfigurationPlatforms) = preSolution
		Debug|Any CPU = Debug|Any CPU
		Release|Any CPU = Release|Any CPU
	EndGlobalSection
	GlobalSection(ProjectConfigurationPlatforms) = postSolution
		{980C1540-B054-491E-A69C-5EC55D64B9F1}.Debug|Any CPU.ActiveCfg = Debug|Any CPU
		{980C1540-B054-491E-A69C-5EC55D64B9F1}.Debug|Any CPU.Build.0 = Debug|Any CPU
		{980C1540-B054-491E-A69C-5EC55D64B9F1}.Release|Any CPU.ActiveCfg = Release|Any CPU
		{980C1540-B054-491E-A69C-5EC55D64B9F1}.Release|Any CPU.Build.0 = Release|Any CPU
		{D1A62B0F-C12D-4B96-8384-D4F3AABED54E}.Debug|Any CPU.ActiveCfg = Debug|Any CPU
		{D1A62B0F-C12D-4B96-8384-D4F3AABED54E}.Debug|Any CPU.Build.0 = Debug|Any CPU
		{D1A62B0F-C12D-4B96-8384-D4F3AABED54E}.Release|Any CPU.ActiveCfg = Release|Any CPU
		{D1A62B0F-C12D-4B96-8384-D4F3AABED54E}.Release|Any CPU.Build.0 = Release|Any CPU
		{AD2D3EE7-E02E-4330-A275-35CF8C030C4D}.Debug|Any CPU.ActiveCfg = Debug|Any CPU
		{AD2D3EE7-E02E-4330-A275-35CF8C030C4D}.Debug|Any CPU.Build.0 = Debug|Any CPU
		{AD2D3EE7-E02E-4330-A275-35CF8C030C4D}.Release|Any CPU.ActiveCfg = Release|Any CPU
		{AD2D3EE7-E02E-4330-A275-35CF8C030C4D}.Release|Any CPU.Build.0 = Release|Any CPU
	EndGlobalSection
	GlobalSection(SolutionProperties) = preSolution
		HideSolutionNode = FALSE
	EndGlobalSection
	GlobalSection(ExtensibilityGlobals) = postSolution
		SolutionGuid = {B8C383C9-4899-4EDD-A81C-EC016CA33052}
	EndGlobalSection
EndGlobal
